
Microsoft Visual Studio Solution File, Format Version 12.00
# Visual Studio Version 16
VisualStudioVersion = 16.0.30804.86
MinimumVisualStudioVersion = 10.0.40219.1
Project("{FAE04EC0-301F-11D3-BF4B-00C04F79EFBC}") = "LCD_simulatır", "LCD_simulatır.csproj", "{DCDFEF0A-BC10-40AF-B771-7D55FD9A1E78}"
EndProject
Global
	GlobalSection(SolutionConfigurationPlatforms) = preSolution
		Debug|Any CPU = Debug|Any CPU
		Release|Any CPU = Release|Any CPU
	EndGlobalSection
	GlobalSection(ProjectConfigurationPlatforms) = postSolution
		{DCDFEF0A-BC10-40AF-B771-7D55FD9A1E78}.Debug|Any CPU.ActiveCfg = Debug|Any CPU
		{DCDFEF0A-BC10-40AF-B771-7D55FD9A1E78}.Debug|Any CPU.Build.0 = Debug|Any CPU
		{DCDFEF0A-BC10-40AF-B771-7D55FD9A1E78}.Release|Any CPU.ActiveCfg = Release|Any CPU
		{DCDFEF0A-BC10-40AF-B771-7D55FD9A1E78}.Release|Any CPU.Build.0 = Release|Any CPU
	EndGlobalSection
	GlobalSection(SolutionProperties) = preSolution
		HideSolutionNode = FALSE
	EndGlobalSection
	GlobalSection(ExtensibilityGlobals) = postSolution
		SolutionGuid = {B645BAE7-E3C2-40A3-BE1C-F7F62E354644}
	EndGlobalSection
EndGlobal
